
Microsoft Visual Studio Solution File, Format Version 12.00
# Visual Studio 2015
Project("{FAE04EC0-301F-11D3-BF4B-00C04F79EFBC}") = "Cubard.Plugins", "Cubard.Plugins.csproj", "{170DE2EC-3142-E99C-39BB-76FA5570BB0C}"
EndProject
Project("{FAE04EC0-301F-11D3-BF4B-00C04F79EFBC}") = "Cubard", "Cubard.csproj", "{F3C7F40D-20FC-1EBF-35F3-796FA11AF1DA}"
EndProject
Global
	GlobalSection(SolutionConfigurationPlatforms) = preSolution
		Debug|Any CPU = Debug|Any CPU
		Release|Any CPU = Release|Any CPU
	EndGlobalSection
	GlobalSection(ProjectConfigurationPlatforms) = postSolution
		{170DE2EC-3142-E99C-39BB-76FA5570BB0C}.Debug|Any CPU.ActiveCfg = Debug|Any CPU
		{170DE2EC-3142-E99C-39BB-76FA5570BB0C}.Debug|Any CPU.Build.0 = Debug|Any CPU
		{170DE2EC-3142-E99C-39BB-76FA5570BB0C}.Release|Any CPU.ActiveCfg = Release|Any CPU
		{170DE2EC-3142-E99C-39BB-76FA5570BB0C}.Release|Any CPU.Build.0 = Release|Any CPU
		{F3C7F40D-20FC-1EBF-35F3-796FA11AF1DA}.Debug|Any CPU.ActiveCfg = Debug|Any CPU
		{F3C7F40D-20FC-1EBF-35F3-796FA11AF1DA}.Debug|Any CPU.Build.0 = Debug|Any CPU
		{F3C7F40D-20FC-1EBF-35F3-796FA11AF1DA}.Release|Any CPU.ActiveCfg = Release|Any CPU
		{F3C7F40D-20FC-1EBF-35F3-796FA11AF1DA}.Release|Any CPU.Build.0 = Release|Any CPU
	EndGlobalSection
	GlobalSection(SolutionProperties) = preSolution
		HideSolutionNode = FALSE
	EndGlobalSection
EndGlobal
